
Microsoft Visual Studio Solution File, Format Version 12.00
# Visual Studio Version 16
VisualStudioVersion = 16.0.31702.278
MinimumVisualStudioVersion = 10.0.40219.1
Project("{FAE04EC0-301F-11D3-BF4B-00C04F79EFBC}") = "Rental_system", "Rental_system\Rental_system.csproj", "{BD80E2D2-17AF-49B5-AA29-90BCC62CFB13}"
EndProject
Global
	GlobalSection(SolutionConfigurationPlatforms) = preSolution
		Debug|Any CPU = Debug|Any CPU
		Release|Any CPU = Release|Any CPU
	EndGlobalSection
	GlobalSection(ProjectConfigurationPlatforms) = postSolution
		{BD80E2D2-17AF-49B5-AA29-90BCC62CFB13}.Debug|Any CPU.ActiveCfg = Debug|Any CPU
		{BD80E2D2-17AF-49B5-AA29-90BCC62CFB13}.Debug|Any CPU.Build.0 = Debug|Any CPU
		{BD80E2D2-17AF-49B5-AA29-90BCC62CFB13}.Release|Any CPU.ActiveCfg = Release|Any CPU
		{BD80E2D2-17AF-49B5-AA29-90BCC62CFB13}.Release|Any CPU.Build.0 = Release|Any CPU
	EndGlobalSection
	GlobalSection(SolutionProperties) = preSolution
		HideSolutionNode = FALSE
	EndGlobalSection
	GlobalSection(ExtensibilityGlobals) = postSolution
		SolutionGuid = {07E740B6-341F-465D-B58B-36ACB6C712EA}
	EndGlobalSection
EndGlobal
